
Microsoft Visual Studio Solution File, Format Version 12.00
# Visual Studio Version 17
VisualStudioVersion = 17.7.34031.279
MinimumVisualStudioVersion = 10.0.40219.1
Project("{FAE04EC0-301F-11D3-BF4B-00C04F79EFBC}") = "lecture 4", "lecture 4.csproj", "{151ACD6C-EF60-4352-9F22-B7C927A3C12B}"
EndProject
Global
	GlobalSection(SolutionConfigurationPlatforms) = preSolution
		Debug|Any CPU = Debug|Any CPU
		Release|Any CPU = Release|Any CPU
	EndGlobalSection
	GlobalSection(ProjectConfigurationPlatforms) = postSolution
		{151ACD6C-EF60-4352-9F22-B7C927A3C12B}.Debug|Any CPU.ActiveCfg = Debug|Any CPU
		{151ACD6C-EF60-4352-9F22-B7C927A3C12B}.Debug|Any CPU.Build.0 = Debug|Any CPU
		{151ACD6C-EF60-4352-9F22-B7C927A3C12B}.Release|Any CPU.ActiveCfg = Release|Any CPU
		{151ACD6C-EF60-4352-9F22-B7C927A3C12B}.Release|Any CPU.Build.0 = Release|Any CPU
	EndGlobalSection
	GlobalSection(SolutionProperties) = preSolution
		HideSolutionNode = FALSE
	EndGlobalSection
	GlobalSection(ExtensibilityGlobals) = postSolution
		SolutionGuid = {E169D4EE-AFF0-4A91-9BD4-E6C1D99E0528}
	EndGlobalSection
EndGlobal
